// !$*UTF8*$!
{
	archiveVersion = 1;
	classes = {
	};
	objectVersion = 55;
	objects = {

/* Begin PBXBuildFile section */
		760524822815B43900C3C243 /* DiaryViewController.swift in Sources */ = {isa = PBXBuildFile; fileRef = 760524812815B43900C3C243 /* DiaryViewController.swift */; };
		760524842815B70C00C3C243 /* DiaryTabBarController.swift in Sources */ = {isa = PBXBuildFile; fileRef = 760524832815B70C00C3C243 /* DiaryTabBarController.swift */; };
		760524862815B7DD00C3C243 /* DiaryFavoItemViewController.swift in Sources */ = {isa = PBXBuildFile; fileRef = 760524852815B7DD00C3C243 /* DiaryFavoItemViewController.swift */; };
		760C973627F9A4A50051F8BF /* ViewModel.swift in Sources */ = {isa = PBXBuildFile; fileRef = 760C973527F9A4A50051F8BF /* ViewModel.swift */; };
		760C973827F9A6850051F8BF /* PrefetchTableCellTableViewCell.swift in Sources */ = {isa = PBXBuildFile; fileRef = 760C973727F9A6850051F8BF /* PrefetchTableCellTableViewCell.swift */; };
		760C973A27F9B4370051F8BF /* Model.swift in Sources */ = {isa = PBXBuildFile; fileRef = 760C973927F9B4370051F8BF /* Model.swift */; };
		760DE87528217EA100F8683E /* CovidDetailViewController.swift in Sources */ = {isa = PBXBuildFile; fileRef = 760DE87428217EA100F8683E /* CovidDetailViewController.swift */; };
		760DE8772821870300F8683E /* CovidDetailTableCell.swift in Sources */ = {isa = PBXBuildFile; fileRef = 760DE8762821870300F8683E /* CovidDetailTableCell.swift */; };
		760DE8862822C02900F8683E /* RxCocoa in Frameworks */ = {isa = PBXBuildFile; productRef = 760DE8852822C02900F8683E /* RxCocoa */; };
		760DE8882822C02900F8683E /* RxRelay in Frameworks */ = {isa = PBXBuildFile; productRef = 760DE8872822C02900F8683E /* RxRelay */; };
		760DE88A2822C02900F8683E /* RxSwift in Frameworks */ = {isa = PBXBuildFile; productRef = 760DE8892822C02900F8683E /* RxSwift */; };
		760DE88F2822C06A00F8683E /* SnapKit in Frameworks */ = {isa = PBXBuildFile; productRef = 760DE88E2822C06A00F8683E /* SnapKit */; };
		763181312828039700BA27BE /* DrinkAlarmListViewController.swift in Sources */ = {isa = PBXBuildFile; fileRef = 763181302828039700BA27BE /* DrinkAlarmListViewController.swift */; };
		7631813328280B2600BA27BE /* DrinkAlarmTableViewCell.swift in Sources */ = {isa = PBXBuildFile; fileRef = 7631813228280B2600BA27BE /* DrinkAlarmTableViewCell.swift */; };
		7631813528280CA300BA27BE /* Alert.swift in Sources */ = {isa = PBXBuildFile; fileRef = 7631813428280CA300BA27BE /* Alert.swift */; };
		7631813728280E6F00BA27BE /* DrinkAddAlarmViewController.swift in Sources */ = {isa = PBXBuildFile; fileRef = 7631813628280E6F00BA27BE /* DrinkAddAlarmViewController.swift */; };
		763AF26F27CA6F81004040E2 /* MyNavigationController.swift in Sources */ = {isa = PBXBuildFile; fileRef = 763AF26E27CA6F81004040E2 /* MyNavigationController.swift */; };
		763AF27127CBABF3004040E2 /* SubjectTableCell.swift in Sources */ = {isa = PBXBuildFile; fileRef = 763AF27027CBABF3004040E2 /* SubjectTableCell.swift */; };
		764125F427CA6D2A0041EC89 /* AppDelegate.swift in Sources */ = {isa = PBXBuildFile; fileRef = 764125F327CA6D2A0041EC89 /* AppDelegate.swift */; };
		764125F627CA6D2A0041EC89 /* SceneDelegate.swift in Sources */ = {isa = PBXBuildFile; fileRef = 764125F527CA6D2A0041EC89 /* SceneDelegate.swift */; };
		764125F827CA6D2A0041EC89 /* MainViewController.swift in Sources */ = {isa = PBXBuildFile; fileRef = 764125F727CA6D2A0041EC89 /* MainViewController.swift */; };
		764125FD27CA6D2B0041EC89 /* Assets.xcassets in Resources */ = {isa = PBXBuildFile; fileRef = 764125FC27CA6D2B0041EC89 /* Assets.xcassets */; };
		7641260027CA6D2B0041EC89 /* LaunchScreen.storyboard in Resources */ = {isa = PBXBuildFile; fileRef = 764125FE27CA6D2B0041EC89 /* LaunchScreen.storyboard */; };
		7643FBA62822C0AF002D9894 /* Then in Frameworks */ = {isa = PBXBuildFile; productRef = 7643FBA52822C0AF002D9894 /* Then */; };
		7643FBA92822C0F6002D9894 /* Alamofire in Frameworks */ = {isa = PBXBuildFile; productRef = 7643FBA82822C0F6002D9894 /* Alamofire */; };
		7643FBAC2822C131002D9894 /* Charts in Frameworks */ = {isa = PBXBuildFile; productRef = 7643FBAB2822C131002D9894 /* Charts */; };
		76A4D04B2857858F00DCC34C /* AlamofireViewController.swift in Sources */ = {isa = PBXBuildFile; fileRef = 76A4D04A2857858F00DCC34C /* AlamofireViewController.swift */; };
		76A58783282160B300D8D3DB /* WeatherViewController.swift in Sources */ = {isa = PBXBuildFile; fileRef = 76A58782282160B300D8D3DB /* WeatherViewController.swift */; };
		76A5878528216F8200D8D3DB /* WeatherInformation.swift in Sources */ = {isa = PBXBuildFile; fileRef = 76A5878428216F8200D8D3DB /* WeatherInformation.swift */; };
		76A587872821743C00D8D3DB /* ErrorMsg.swift in Sources */ = {isa = PBXBuildFile; fileRef = 76A587862821743C00D8D3DB /* ErrorMsg.swift */; };
		76A5878A2821767500D8D3DB /* CovidViewController.swift in Sources */ = {isa = PBXBuildFile; fileRef = 76A587892821767500D8D3DB /* CovidViewController.swift */; };
		76A90FDF2803110C007A3C81 /* LEDViewController.swift in Sources */ = {isa = PBXBuildFile; fileRef = 76A90FDE2803110C007A3C81 /* LEDViewController.swift */; };
		76A90FE1280316B0007A3C81 /* SettingViewController.swift in Sources */ = {isa = PBXBuildFile; fileRef = 76A90FE0280316B0007A3C81 /* SettingViewController.swift */; };
		76BF126A28741543001740D8 /* TabBarController.swift in Sources */ = {isa = PBXBuildFile; fileRef = 76BF126928741543001740D8 /* TabBarController.swift */; };
		76BF126D2874164E001740D8 /* TranslateViewController.swift in Sources */ = {isa = PBXBuildFile; fileRef = 76BF126C2874164E001740D8 /* TranslateViewController.swift */; };
		76BF126F28741B93001740D8 /* UIColor+.swift in Sources */ = {isa = PBXBuildFile; fileRef = 76BF126E28741B93001740D8 /* UIColor+.swift */; };
		76BF1271287423C2001740D8 /* SourceTextViewController.swift in Sources */ = {isa = PBXBuildFile; fileRef = 76BF1270287423C2001740D8 /* SourceTextViewController.swift */; };
		76BF127428742ECF001740D8 /* Language.swift in Sources */ = {isa = PBXBuildFile; fileRef = 76BF127328742ECF001740D8 /* Language.swift */; };
		76BF127728743233001740D8 /* Bookmark.swift in Sources */ = {isa = PBXBuildFile; fileRef = 76BF127628743233001740D8 /* Bookmark.swift */; };
		76BF12792874349F001740D8 /* UserDefaults+.swift in Sources */ = {isa = PBXBuildFile; fileRef = 76BF12782874349F001740D8 /* UserDefaults+.swift */; };
		76BF127C28743779001740D8 /* BookmarkListViewController.swift in Sources */ = {isa = PBXBuildFile; fileRef = 76BF127B28743779001740D8 /* BookmarkListViewController.swift */; };
		76BF127E28743AB7001740D8 /* BookmarkCollectionViewCell.swift in Sources */ = {isa = PBXBuildFile; fileRef = 76BF127D28743AB7001740D8 /* BookmarkCollectionViewCell.swift */; };
		76BF128028743D19001740D8 /* BookmarkTextStackView.swift in Sources */ = {isa = PBXBuildFile; fileRef = 76BF127F28743D19001740D8 /* BookmarkTextStackView.swift */; };
		76BF128228743E7E001740D8 /* Type.swift in Sources */ = {isa = PBXBuildFile; fileRef = 76BF128128743E7E001740D8 /* Type.swift */; };
		76BF128528748BB9001740D8 /* TraslateRequestModel.swift in Sources */ = {isa = PBXBuildFile; fileRef = 76BF128428748BB9001740D8 /* TraslateRequestModel.swift */; };
		76BF128728748BFE001740D8 /* TranslateResponseModel.swift in Sources */ = {isa = PBXBuildFile; fileRef = 76BF128628748BFE001740D8 /* TranslateResponseModel.swift */; };
		76BF128928748CC1001740D8 /* TranslatorManager.swift in Sources */ = {isa = PBXBuildFile; fileRef = 76BF128828748CC1001740D8 /* TranslatorManager.swift */; };
		76BF128E2875CF10001740D8 /* Localizable.strings in Resources */ = {isa = PBXBuildFile; fileRef = 76BF12902875CF10001740D8 /* Localizable.strings */; };
		76BF129D2875D8B2001740D8 /* BookReviewTests.swift in Sources */ = {isa = PBXBuildFile; fileRef = 76BF129C2875D8B2001740D8 /* BookReviewTests.swift */; };
		76BF12AA2875D8CE001740D8 /* BookReviewUITests.swift in Sources */ = {isa = PBXBuildFile; fileRef = 76BF12A92875D8CE001740D8 /* BookReviewUITests.swift */; };
		76BF12AC2875D8CE001740D8 /* BookReviewUITestsLaunchTests.swift in Sources */ = {isa = PBXBuildFile; fileRef = 76BF12AB2875D8CE001740D8 /* BookReviewUITestsLaunchTests.swift */; };
		76BF12B42875DAB2001740D8 /* Kingfisher in Frameworks */ = {isa = PBXBuildFile; productRef = 76BF12B32875DAB2001740D8 /* Kingfisher */; };
		76BF12B62875DBB4001740D8 /* ReviewListViewController.swift in Sources */ = {isa = PBXBuildFile; fileRef = 76BF12B52875DBB4001740D8 /* ReviewListViewController.swift */; };
		76BF12B82875DBD1001740D8 /* ReviewListPresenter.swift in Sources */ = {isa = PBXBuildFile; fileRef = 76BF12B72875DBD1001740D8 /* ReviewListPresenter.swift */; };
		76D675E72822CD9000A6EE21 /* CovidOverView.swift in Sources */ = {isa = PBXBuildFile; fileRef = 76D675E62822CD9000A6EE21 /* CovidOverView.swift */; };
		76D675EC28255E2E00A6EE21 /* SpotifyLoginViewController.swift in Sources */ = {isa = PBXBuildFile; fileRef = 76D675EB28255E2E00A6EE21 /* SpotifyLoginViewController.swift */; };
		76D675EE28255E4100A6EE21 /* SpotifyEnterEmailViewController.swift in Sources */ = {isa = PBXBuildFile; fileRef = 76D675ED28255E4100A6EE21 /* SpotifyEnterEmailViewController.swift */; };
		76D675F028255E4E00A6EE21 /* SpotifyMainViewController.swift in Sources */ = {isa = PBXBuildFile; fileRef = 76D675EF28255E4E00A6EE21 /* SpotifyMainViewController.swift */; };
		76D675F22825728D00A6EE21 /* GoogleService-Info.plist in Resources */ = {isa = PBXBuildFile; fileRef = 76D675F12825728D00A6EE21 /* GoogleService-Info.plist */; };
		76D675F52825733F00A6EE21 /* FirebaseAuth in Frameworks */ = {isa = PBXBuildFile; productRef = 76D675F42825733F00A6EE21 /* FirebaseAuth */; };
		76D8DB7027CE1C38004F90E0 /* PrefetchViewController.swift in Sources */ = {isa = PBXBuildFile; fileRef = 76D8DB6F27CE1C38004F90E0 /* PrefetchViewController.swift */; };
		76D8DB7327CE1D81004F90E0 /* SubjectData.swift in Sources */ = {isa = PBXBuildFile; fileRef = 76D8DB7227CE1D81004F90E0 /* SubjectData.swift */; };
		76DF614827FB42A800E4F436 /* QuotesGeneratorViewController.swift in Sources */ = {isa = PBXBuildFile; fileRef = 76DF614727FB42A800E4F436 /* QuotesGeneratorViewController.swift */; };
		76DF614A27FB46D900E4F436 /* Quotes.swift in Sources */ = {isa = PBXBuildFile; fileRef = 76DF614927FB46D900E4F436 /* Quotes.swift */; };
		76EE132F2826BCD1000C4E59 /* GoogleSignIn in Frameworks */ = {isa = PBXBuildFile; productRef = 76EE132E2826BCD1000C4E59 /* GoogleSignIn */; };
		76F62E3C2866BDD000028E5C /* TestVC.swift in Sources */ = {isa = PBXBuildFile; fileRef = 76F62E3B2866BDD000028E5C /* TestVC.swift */; };
		76F62E3E2868BC6C00028E5C /* ContentView.swift in Sources */ = {isa = PBXBuildFile; fileRef = 76F62E3D2868BC6C00028E5C /* ContentView.swift */; };
/* End PBXBuildFile section */

/* Begin PBXContainerItemProxy section */
		76BF129E2875D8B2001740D8 /* PBXContainerItemProxy */ = {
			isa = PBXContainerItemProxy;
			containerPortal = 764125E827CA6D2A0041EC89 /* Project object */;
			proxyType = 1;
			remoteGlobalIDString = 764125EF27CA6D2A0041EC89;
			remoteInfo = SwiftStudyWiKi;
		};
		76BF12AD2875D8CE001740D8 /* PBXContainerItemProxy */ = {
			isa = PBXContainerItemProxy;
			containerPortal = 764125E827CA6D2A0041EC89 /* Project object */;
			proxyType = 1;
			remoteGlobalIDString = 764125EF27CA6D2A0041EC89;
			remoteInfo = SwiftStudyWiKi;
		};
/* End PBXContainerItemProxy section */

/* Begin PBXFileReference section */
		760524812815B43900C3C243 /* DiaryViewController.swift */ = {isa = PBXFileReference; lastKnownFileType = sourcecode.swift; path = DiaryViewController.swift; sourceTree = "<group>"; };
		760524832815B70C00C3C243 /* DiaryTabBarController.swift */ = {isa = PBXFileReference; lastKnownFileType = sourcecode.swift; path = DiaryTabBarController.swift; sourceTree = "<group>"; };
		760524852815B7DD00C3C243 /* DiaryFavoItemViewController.swift */ = {isa = PBXFileReference; lastKnownFileType = sourcecode.swift; path = DiaryFavoItemViewController.swift; sourceTree = "<group>"; };
		760C973527F9A4A50051F8BF /* ViewModel.swift */ = {isa = PBXFileReference; lastKnownFileType = sourcecode.swift; path = ViewModel.swift; sourceTree = "<group>"; };
		760C973727F9A6850051F8BF /* PrefetchTableCellTableViewCell.swift */ = {isa = PBXFileReference; lastKnownFileType = sourcecode.swift; path = PrefetchTableCellTableViewCell.swift; sourceTree = "<group>"; };
		760C973927F9B4370051F8BF /* Model.swift */ = {isa = PBXFileReference; lastKnownFileType = sourcecode.swift; path = Model.swift; sourceTree = "<group>"; };
		760DE87428217EA100F8683E /* CovidDetailViewController.swift */ = {isa = PBXFileReference; lastKnownFileType = sourcecode.swift; path = CovidDetailViewController.swift; sourceTree = "<group>"; };
		760DE8762821870300F8683E /* CovidDetailTableCell.swift */ = {isa = PBXFileReference; lastKnownFileType = sourcecode.swift; path = CovidDetailTableCell.swift; sourceTree = "<group>"; };
		7631812E2827FAC200BA27BE /* SwiftStudyWiKi.entitlements */ = {isa = PBXFileReference; lastKnownFileType = text.plist.entitlements; path = SwiftStudyWiKi.entitlements; sourceTree = "<group>"; };
		763181302828039700BA27BE /* DrinkAlarmListViewController.swift */ = {isa = PBXFileReference; lastKnownFileType = sourcecode.swift; path = DrinkAlarmListViewController.swift; sourceTree = "<group>"; };
		7631813228280B2600BA27BE /* DrinkAlarmTableViewCell.swift */ = {isa = PBXFileReference; lastKnownFileType = sourcecode.swift; path = DrinkAlarmTableViewCell.swift; sourceTree = "<group>"; };
		7631813428280CA300BA27BE /* Alert.swift */ = {isa = PBXFileReference; lastKnownFileType = sourcecode.swift; path = Alert.swift; sourceTree = "<group>"; };
		7631813628280E6F00BA27BE /* DrinkAddAlarmViewController.swift */ = {isa = PBXFileReference; lastKnownFileType = sourcecode.swift; path = DrinkAddAlarmViewController.swift; sourceTree = "<group>"; };
		763AF26E27CA6F81004040E2 /* MyNavigationController.swift */ = {isa = PBXFileReference; lastKnownFileType = sourcecode.swift; path = MyNavigationController.swift; sourceTree = "<group>"; };
		763AF27027CBABF3004040E2 /* SubjectTableCell.swift */ = {isa = PBXFileReference; lastKnownFileType = sourcecode.swift; path = SubjectTableCell.swift; sourceTree = "<group>"; };
		764125F027CA6D2A0041EC89 /* SwiftStudyWiKi.app */ = {isa = PBXFileReference; explicitFileType = wrapper.application; includeInIndex = 0; path = SwiftStudyWiKi.app; sourceTree = BUILT_PRODUCTS_DIR; };
		764125F327CA6D2A0041EC89 /* AppDelegate.swift */ = {isa = PBXFileReference; lastKnownFileType = sourcecode.swift; path = AppDelegate.swift; sourceTree = "<group>"; };
		764125F527CA6D2A0041EC89 /* SceneDelegate.swift */ = {isa = PBXFileReference; lastKnownFileType = sourcecode.swift; path = SceneDelegate.swift; sourceTree = "<group>"; };
		764125F727CA6D2A0041EC89 /* MainViewController.swift */ = {isa = PBXFileReference; lastKnownFileType = sourcecode.swift; path = MainViewController.swift; sourceTree = "<group>"; };
		764125FC27CA6D2B0041EC89 /* Assets.xcassets */ = {isa = PBXFileReference; lastKnownFileType = folder.assetcatalog; path = Assets.xcassets; sourceTree = "<group>"; };
		764125FF27CA6D2B0041EC89 /* Base */ = {isa = PBXFileReference; lastKnownFileType = file.storyboard; name = Base; path = Base.lproj/LaunchScreen.storyboard; sourceTree = "<group>"; };
		7641260127CA6D2B0041EC89 /* Info.plist */ = {isa = PBXFileReference; lastKnownFileType = text.plist.xml; path = Info.plist; sourceTree = "<group>"; };
		76A4D04A2857858F00DCC34C /* AlamofireViewController.swift */ = {isa = PBXFileReference; lastKnownFileType = sourcecode.swift; path = AlamofireViewController.swift; sourceTree = "<group>"; };
		76A58782282160B300D8D3DB /* WeatherViewController.swift */ = {isa = PBXFileReference; lastKnownFileType = sourcecode.swift; path = WeatherViewController.swift; sourceTree = "<group>"; };
		76A5878428216F8200D8D3DB /* WeatherInformation.swift */ = {isa = PBXFileReference; lastKnownFileType = sourcecode.swift; path = WeatherInformation.swift; sourceTree = "<group>"; };
		76A587862821743C00D8D3DB /* ErrorMsg.swift */ = {isa = PBXFileReference; lastKnownFileType = sourcecode.swift; path = ErrorMsg.swift; sourceTree = "<group>"; };
		76A587892821767500D8D3DB /* CovidViewController.swift */ = {isa = PBXFileReference; lastKnownFileType = sourcecode.swift; path = CovidViewController.swift; sourceTree = "<group>"; };
		76A90FDE2803110C007A3C81 /* LEDViewController.swift */ = {isa = PBXFileReference; lastKnownFileType = sourcecode.swift; path = LEDViewController.swift; sourceTree = "<group>"; };
		76A90FE0280316B0007A3C81 /* SettingViewController.swift */ = {isa = PBXFileReference; lastKnownFileType = sourcecode.swift; path = SettingViewController.swift; sourceTree = "<group>"; };
		76BF126928741543001740D8 /* TabBarController.swift */ = {isa = PBXFileReference; lastKnownFileType = sourcecode.swift; path = TabBarController.swift; sourceTree = "<group>"; };
		76BF126C2874164E001740D8 /* TranslateViewController.swift */ = {isa = PBXFileReference; lastKnownFileType = sourcecode.swift; path = TranslateViewController.swift; sourceTree = "<group>"; };
		76BF126E28741B93001740D8 /* UIColor+.swift */ = {isa = PBXFileReference; lastKnownFileType = sourcecode.swift; path = "UIColor+.swift"; sourceTree = "<group>"; };
		76BF1270287423C2001740D8 /* SourceTextViewController.swift */ = {isa = PBXFileReference; lastKnownFileType = sourcecode.swift; path = SourceTextViewController.swift; sourceTree = "<group>"; };
		76BF127328742ECF001740D8 /* Language.swift */ = {isa = PBXFileReference; lastKnownFileType = sourcecode.swift; path = Language.swift; sourceTree = "<group>"; };
		76BF127628743233001740D8 /* Bookmark.swift */ = {isa = PBXFileReference; lastKnownFileType = sourcecode.swift; path = Bookmark.swift; sourceTree = "<group>"; };
		76BF12782874349F001740D8 /* UserDefaults+.swift */ = {isa = PBXFileReference; lastKnownFileType = sourcecode.swift; path = "UserDefaults+.swift"; sourceTree = "<group>"; };
		76BF127B28743779001740D8 /* BookmarkListViewController.swift */ = {isa = PBXFileReference; lastKnownFileType = sourcecode.swift; path = BookmarkListViewController.swift; sourceTree = "<group>"; };
		76BF127D28743AB7001740D8 /* BookmarkCollectionViewCell.swift */ = {isa = PBXFileReference; lastKnownFileType = sourcecode.swift; path = BookmarkCollectionViewCell.swift; sourceTree = "<group>"; };
		76BF127F28743D19001740D8 /* BookmarkTextStackView.swift */ = {isa = PBXFileReference; lastKnownFileType = sourcecode.swift; path = BookmarkTextStackView.swift; sourceTree = "<group>"; };
		76BF128128743E7E001740D8 /* Type.swift */ = {isa = PBXFileReference; lastKnownFileType = sourcecode.swift; path = Type.swift; sourceTree = "<group>"; };
		76BF128428748BB9001740D8 /* TraslateRequestModel.swift */ = {isa = PBXFileReference; lastKnownFileType = sourcecode.swift; path = TraslateRequestModel.swift; sourceTree = "<group>"; };
		76BF128628748BFE001740D8 /* TranslateResponseModel.swift */ = {isa = PBXFileReference; lastKnownFileType = sourcecode.swift; path = TranslateResponseModel.swift; sourceTree = "<group>"; };
		76BF128828748CC1001740D8 /* TranslatorManager.swift */ = {isa = PBXFileReference; lastKnownFileType = sourcecode.swift; path = TranslatorManager.swift; sourceTree = "<group>"; };
		76BF128F2875CF10001740D8 /* en */ = {isa = PBXFileReference; lastKnownFileType = text.plist.strings; name = en; path = en.lproj/Localizable.strings; sourceTree = "<group>"; };
		76BF12912875CF49001740D8 /* ko */ = {isa = PBXFileReference; lastKnownFileType = text.plist.strings; name = ko; path = ko.lproj/LaunchScreen.strings; sourceTree = "<group>"; };
		76BF12922875CF77001740D8 /* ko */ = {isa = PBXFileReference; lastKnownFileType = text.plist.strings; name = ko; path = ko.lproj/Localizable.strings; sourceTree = "<group>"; };
		76BF129A2875D8B2001740D8 /* BookReviewTests.xctest */ = {isa = PBXFileReference; explicitFileType = wrapper.cfbundle; includeInIndex = 0; path = BookReviewTests.xctest; sourceTree = BUILT_PRODUCTS_DIR; };
		76BF129C2875D8B2001740D8 /* BookReviewTests.swift */ = {isa = PBXFileReference; lastKnownFileType = sourcecode.swift; path = BookReviewTests.swift; sourceTree = "<group>"; };
		76BF12A72875D8CE001740D8 /* BookReviewUITests.xctest */ = {isa = PBXFileReference; explicitFileType = wrapper.cfbundle; includeInIndex = 0; path = BookReviewUITests.xctest; sourceTree = BUILT_PRODUCTS_DIR; };
		76BF12A92875D8CE001740D8 /* BookReviewUITests.swift */ = {isa = PBXFileReference; lastKnownFileType = sourcecode.swift; path = BookReviewUITests.swift; sourceTree = "<group>"; };
		76BF12AB2875D8CE001740D8 /* BookReviewUITestsLaunchTests.swift */ = {isa = PBXFileReference; lastKnownFileType = sourcecode.swift; path = BookReviewUITestsLaunchTests.swift; sourceTree = "<group>"; };
		76BF12B52875DBB4001740D8 /* ReviewListViewController.swift */ = {isa = PBXFileReference; lastKnownFileType = sourcecode.swift; path = ReviewListViewController.swift; sourceTree = "<group>"; };
		76BF12B72875DBD1001740D8 /* ReviewListPresenter.swift */ = {isa = PBXFileReference; lastKnownFileType = sourcecode.swift; path = ReviewListPresenter.swift; sourceTree = "<group>"; };
		76D675E62822CD9000A6EE21 /* CovidOverView.swift */ = {isa = PBXFileReference; lastKnownFileType = sourcecode.swift; path = CovidOverView.swift; sourceTree = "<group>"; };
		76D675EB28255E2E00A6EE21 /* SpotifyLoginViewController.swift */ = {isa = PBXFileReference; lastKnownFileType = sourcecode.swift; path = SpotifyLoginViewController.swift; sourceTree = "<group>"; };
		76D675ED28255E4100A6EE21 /* SpotifyEnterEmailViewController.swift */ = {isa = PBXFileReference; lastKnownFileType = sourcecode.swift; path = SpotifyEnterEmailViewController.swift; sourceTree = "<group>"; };
		76D675EF28255E4E00A6EE21 /* SpotifyMainViewController.swift */ = {isa = PBXFileReference; lastKnownFileType = sourcecode.swift; path = SpotifyMainViewController.swift; sourceTree = "<group>"; };
		76D675F12825728D00A6EE21 /* GoogleService-Info.plist */ = {isa = PBXFileReference; fileEncoding = 4; lastKnownFileType = text.plist.xml; path = "GoogleService-Info.plist"; sourceTree = "<group>"; };
		76D8DB6F27CE1C38004F90E0 /* PrefetchViewController.swift */ = {isa = PBXFileReference; lastKnownFileType = sourcecode.swift; path = PrefetchViewController.swift; sourceTree = "<group>"; };
		76D8DB7227CE1D81004F90E0 /* SubjectData.swift */ = {isa = PBXFileReference; lastKnownFileType = sourcecode.swift; path = SubjectData.swift; sourceTree = "<group>"; };
		76DF614727FB42A800E4F436 /* QuotesGeneratorViewController.swift */ = {isa = PBXFileReference; lastKnownFileType = sourcecode.swift; path = QuotesGeneratorViewController.swift; sourceTree = "<group>"; };
		76DF614927FB46D900E4F436 /* Quotes.swift */ = {isa = PBXFileReference; lastKnownFileType = sourcecode.swift; path = Quotes.swift; sourceTree = "<group>"; };
		76F62E3B2866BDD000028E5C /* TestVC.swift */ = {isa = PBXFileReference; lastKnownFileType = sourcecode.swift; path = TestVC.swift; sourceTree = "<group>"; };
		76F62E3D2868BC6C00028E5C /* ContentView.swift */ = {isa = PBXFileReference; lastKnownFileType = sourcecode.swift; path = ContentView.swift; sourceTree = "<group>"; };
/* End PBXFileReference section */

/* Begin PBXFrameworksBuildPhase section */
		764125ED27CA6D2A0041EC89 /* Frameworks */ = {
			isa = PBXFrameworksBuildPhase;
			buildActionMask = 2147483647;
			files = (
				760DE8882822C02900F8683E /* RxRelay in Frameworks */,
				760DE8862822C02900F8683E /* RxCocoa in Frameworks */,
				7643FBA92822C0F6002D9894 /* Alamofire in Frameworks */,
				7643FBA62822C0AF002D9894 /* Then in Frameworks */,
				76BF12B42875DAB2001740D8 /* Kingfisher in Frameworks */,
				7643FBAC2822C131002D9894 /* Charts in Frameworks */,
				760DE88F2822C06A00F8683E /* SnapKit in Frameworks */,
				760DE88A2822C02900F8683E /* RxSwift in Frameworks */,
				76D675F52825733F00A6EE21 /* FirebaseAuth in Frameworks */,
				76EE132F2826BCD1000C4E59 /* GoogleSignIn in Frameworks */,
			);
			runOnlyForDeploymentPostprocessing = 0;
		};
		76BF12972875D8B2001740D8 /* Frameworks */ = {
			isa = PBXFrameworksBuildPhase;
			buildActionMask = 2147483647;
			files = (
			);
			runOnlyForDeploymentPostprocessing = 0;
		};
		76BF12A42875D8CE001740D8 /* Frameworks */ = {
			isa = PBXFrameworksBuildPhase;
			buildActionMask = 2147483647;
			files = (
			);
			runOnlyForDeploymentPostprocessing = 0;
		};
/* End PBXFrameworksBuildPhase section */

/* Begin PBXGroup section */
		63754EF5D8E8C8DFE1E2087E /* Frameworks */ = {
			isa = PBXGroup;
			children = (
			);
			name = Frameworks;
			sourceTree = "<group>";
		};
		760524802815B3A700C3C243 /* Ch.5_Diary */ = {
			isa = PBXGroup;
			children = (
				760524832815B70C00C3C243 /* DiaryTabBarController.swift */,
				760524812815B43900C3C243 /* DiaryViewController.swift */,
				760524852815B7DD00C3C243 /* DiaryFavoItemViewController.swift */,
			);
			path = Ch.5_Diary;
			sourceTree = "<group>";
		};
		7631812F2828035100BA27BE /* Ch.4_Drink */ = {
			isa = PBXGroup;
			children = (
				763181302828039700BA27BE /* DrinkAlarmListViewController.swift */,
				7631813228280B2600BA27BE /* DrinkAlarmTableViewCell.swift */,
				7631813428280CA300BA27BE /* Alert.swift */,
				7631813628280E6F00BA27BE /* DrinkAddAlarmViewController.swift */,
			);
			path = Ch.4_Drink;
			sourceTree = "<group>";
		};
		764125E727CA6D2A0041EC89 = {
			isa = PBXGroup;
			children = (
				76BF12902875CF10001740D8 /* Localizable.strings */,
				764125F227CA6D2A0041EC89 /* SwiftStudyWiKi */,
				764125F127CA6D2A0041EC89 /* Products */,
				63754EF5D8E8C8DFE1E2087E /* Frameworks */,
			);
			sourceTree = "<group>";
		};
		764125F127CA6D2A0041EC89 /* Products */ = {
			isa = PBXGroup;
			children = (
				764125F027CA6D2A0041EC89 /* SwiftStudyWiKi.app */,
				76BF129A2875D8B2001740D8 /* BookReviewTests.xctest */,
				76BF12A72875D8CE001740D8 /* BookReviewUITests.xctest */,
			);
			name = Products;
			sourceTree = "<group>";
		};
		764125F227CA6D2A0041EC89 /* SwiftStudyWiKi */ = {
			isa = PBXGroup;
			children = (
				7631812E2827FAC200BA27BE /* SwiftStudyWiKi.entitlements */,
				76D8DB7127CE1D6F004F90E0 /* Data */,
				76D8DB6D27CE1BAD004F90E0 /* Main */,
				764125F327CA6D2A0041EC89 /* AppDelegate.swift */,
				764125F527CA6D2A0041EC89 /* SceneDelegate.swift */,
				764125FC27CA6D2B0041EC89 /* Assets.xcassets */,
				764125FE27CA6D2B0041EC89 /* LaunchScreen.storyboard */,
				7641260127CA6D2B0041EC89 /* Info.plist */,
				76D675F12825728D00A6EE21 /* GoogleService-Info.plist */,
			);
			path = SwiftStudyWiKi;
			sourceTree = "<group>";
		};
		76A4D0492857855E00DCC34C /* Ch.0_Alamofire */ = {
			isa = PBXGroup;
			children = (
				76A4D04C285785D200DCC34C /* Network */,
				76A4D04A2857858F00DCC34C /* AlamofireViewController.swift */,
				76F62E3B2866BDD000028E5C /* TestVC.swift */,
				76F62E3D2868BC6C00028E5C /* ContentView.swift */,
			);
			path = Ch.0_Alamofire;
			sourceTree = "<group>";
		};
		76A4D04C285785D200DCC34C /* Network */ = {
			isa = PBXGroup;
			children = (
			);
			path = Network;
			sourceTree = "<group>";
		};
		76A587812821604800D8D3DB /* Ch.7_Weather */ = {
			isa = PBXGroup;
			children = (
				76A58782282160B300D8D3DB /* WeatherViewController.swift */,
				76A5878428216F8200D8D3DB /* WeatherInformation.swift */,
				76A587862821743C00D8D3DB /* ErrorMsg.swift */,
			);
			path = Ch.7_Weather;
			sourceTree = "<group>";
		};
		76A587882821765A00D8D3DB /* Ch.8_Covid */ = {
			isa = PBXGroup;
			children = (
				76A587892821767500D8D3DB /* CovidViewController.swift */,
				760DE87428217EA100F8683E /* CovidDetailViewController.swift */,
				760DE8762821870300F8683E /* CovidDetailTableCell.swift */,
				76D675E62822CD9000A6EE21 /* CovidOverView.swift */,
			);
			path = Ch.8_Covid;
			sourceTree = "<group>";
		};
		76A90FDD28030E8E007A3C81 /* Ch.2_LED */ = {
			isa = PBXGroup;
			children = (
				76A90FDE2803110C007A3C81 /* LEDViewController.swift */,
				76A90FE0280316B0007A3C81 /* SettingViewController.swift */,
			);
			path = Ch.2_LED;
			sourceTree = "<group>";
		};
		76BF126728740F33001740D8 /* Part.5 */ = {
			isa = PBXGroup;
			children = (
				76BF126828740F49001740D8 /* Ch.4_Translate App */,
				76BF12932875D80B001740D8 /* Ch.5_BookReview App */,
			);
			path = Part.5;
			sourceTree = "<group>";
		};
		76BF126828740F49001740D8 /* Ch.4_Translate App */ = {
			isa = PBXGroup;
			children = (
				76BF127A287434A7001740D8 /* Extension */,
				76BF128328743F3B001740D8 /* Models */,
				76BF126B2874163D001740D8 /* Scenes */,
				76BF128A28748CC5001740D8 /* Managers */,
			);
			path = "Ch.4_Translate App";
			sourceTree = "<group>";
		};
		76BF126B2874163D001740D8 /* Scenes */ = {
			isa = PBXGroup;
			children = (
				76BF126928741543001740D8 /* TabBarController.swift */,
				76BF1272287423C8001740D8 /* Translate */,
				76BF127528742F3E001740D8 /* Bookmark */,
			);
			path = Scenes;
			sourceTree = "<group>";
		};
		76BF1272287423C8001740D8 /* Translate */ = {
			isa = PBXGroup;
			children = (
				76BF126C2874164E001740D8 /* TranslateViewController.swift */,
				76BF1270287423C2001740D8 /* SourceTextViewController.swift */,
			);
			path = Translate;
			sourceTree = "<group>";
		};
		76BF127528742F3E001740D8 /* Bookmark */ = {
			isa = PBXGroup;
			children = (
				76BF127B28743779001740D8 /* BookmarkListViewController.swift */,
				76BF127D28743AB7001740D8 /* BookmarkCollectionViewCell.swift */,
				76BF127F28743D19001740D8 /* BookmarkTextStackView.swift */,
			);
			path = Bookmark;
			sourceTree = "<group>";
		};
		76BF127A287434A7001740D8 /* Extension */ = {
			isa = PBXGroup;
			children = (
				76BF126E28741B93001740D8 /* UIColor+.swift */,
				76BF12782874349F001740D8 /* UserDefaults+.swift */,
			);
			path = Extension;
			sourceTree = "<group>";
		};
		76BF128328743F3B001740D8 /* Models */ = {
			isa = PBXGroup;
			children = (
				76BF127328742ECF001740D8 /* Language.swift */,
				76BF127628743233001740D8 /* Bookmark.swift */,
				76BF128128743E7E001740D8 /* Type.swift */,
				76BF128428748BB9001740D8 /* TraslateRequestModel.swift */,
				76BF128628748BFE001740D8 /* TranslateResponseModel.swift */,
			);
			path = Models;
			sourceTree = "<group>";
		};
		76BF128A28748CC5001740D8 /* Managers */ = {
			isa = PBXGroup;
			children = (
				76BF128828748CC1001740D8 /* TranslatorManager.swift */,
			);
			path = Managers;
			sourceTree = "<group>";
		};
		76BF12932875D80B001740D8 /* Ch.5_BookReview App */ = {
			isa = PBXGroup;
			children = (
				76BF12BA2875DBD9001740D8 /* Scene */,
				76BF129B2875D8B2001740D8 /* BookReviewTests */,
				76BF12A82875D8CE001740D8 /* BookReviewUITests */,
			);
			path = "Ch.5_BookReview App";
			sourceTree = "<group>";
		};
		76BF129B2875D8B2001740D8 /* BookReviewTests */ = {
			isa = PBXGroup;
			children = (
				76BF129C2875D8B2001740D8 /* BookReviewTests.swift */,
			);
			path = BookReviewTests;
			sourceTree = "<group>";
		};
		76BF12A82875D8CE001740D8 /* BookReviewUITests */ = {
			isa = PBXGroup;
			children = (
				76BF12A92875D8CE001740D8 /* BookReviewUITests.swift */,
				76BF12AB2875D8CE001740D8 /* BookReviewUITestsLaunchTests.swift */,
			);
			path = BookReviewUITests;
			sourceTree = "<group>";
		};
		76BF12B92875DBD4001740D8 /* ReviewList */ = {
			isa = PBXGroup;
			children = (
				76BF12B52875DBB4001740D8 /* ReviewListViewController.swift */,
				76BF12B72875DBD1001740D8 /* ReviewListPresenter.swift */,
			);
			path = ReviewList;
			sourceTree = "<group>";
		};
		76BF12BA2875DBD9001740D8 /* Scene */ = {
			isa = PBXGroup;
			children = (
				76BF12B92875DBD4001740D8 /* ReviewList */,
			);
			path = Scene;
			sourceTree = "<group>";
		};
		76D675E82822D6BA00A6EE21 /* Part.2 */ = {
			isa = PBXGroup;
			children = (
				76DF614627FB426E00E4F436 /* Ch.1_QuotesGenerator */,
				76A90FDD28030E8E007A3C81 /* Ch.2_LED */,
				760524802815B3A700C3C243 /* Ch.5_Diary */,
				76A587812821604800D8D3DB /* Ch.7_Weather */,
				76A587882821765A00D8D3DB /* Ch.8_Covid */,
			);
			path = Part.2;
			sourceTree = "<group>";
		};
		76D675E92822D6D500A6EE21 /* Part.3 */ = {
			isa = PBXGroup;
			children = (
				76A4D0492857855E00DCC34C /* Ch.0_Alamofire */,
				76D675EA282559E800A6EE21 /* Ch.1_Spotify */,
				7631812F2828035100BA27BE /* Ch.4_Drink */,
			);
			path = Part.3;
			sourceTree = "<group>";
		};
		76D675EA282559E800A6EE21 /* Ch.1_Spotify */ = {
			isa = PBXGroup;
			children = (
				76D675EB28255E2E00A6EE21 /* SpotifyLoginViewController.swift */,
				76D675ED28255E4100A6EE21 /* SpotifyEnterEmailViewController.swift */,
				76D675EF28255E4E00A6EE21 /* SpotifyMainViewController.swift */,
			);
			path = Ch.1_Spotify;
			sourceTree = "<group>";
		};
		76D8DB6D27CE1BAD004F90E0 /* Main */ = {
			isa = PBXGroup;
			children = (
				764125F727CA6D2A0041EC89 /* MainViewController.swift */,
				763AF27027CBABF3004040E2 /* SubjectTableCell.swift */,
				763AF26E27CA6F81004040E2 /* MyNavigationController.swift */,
				76D8DB6E27CE1BC7004F90E0 /* PrefetchStudy */,
				76D675E82822D6BA00A6EE21 /* Part.2 */,
				76D675E92822D6D500A6EE21 /* Part.3 */,
				76BF126728740F33001740D8 /* Part.5 */,
			);
			path = Main;
			sourceTree = "<group>";
		};
		76D8DB6E27CE1BC7004F90E0 /* PrefetchStudy */ = {
			isa = PBXGroup;
			children = (
				76D8DB6F27CE1C38004F90E0 /* PrefetchViewController.swift */,
				760C973527F9A4A50051F8BF /* ViewModel.swift */,
				760C973727F9A6850051F8BF /* PrefetchTableCellTableViewCell.swift */,
				760C973927F9B4370051F8BF /* Model.swift */,
			);
			path = PrefetchStudy;
			sourceTree = "<group>";
		};
		76D8DB7127CE1D6F004F90E0 /* Data */ = {
			isa = PBXGroup;
			children = (
				76D8DB7227CE1D81004F90E0 /* SubjectData.swift */,
			);
			path = Data;
			sourceTree = "<group>";
		};
		76DF614627FB426E00E4F436 /* Ch.1_QuotesGenerator */ = {
			isa = PBXGroup;
			children = (
				76DF614927FB46D900E4F436 /* Quotes.swift */,
				76DF614727FB42A800E4F436 /* QuotesGeneratorViewController.swift */,
			);
			path = Ch.1_QuotesGenerator;
			sourceTree = "<group>";
		};
/* End PBXGroup section */

/* Begin PBXNativeTarget section */
		764125EF27CA6D2A0041EC89 /* SwiftStudyWiKi */ = {
			isa = PBXNativeTarget;
			buildConfigurationList = 7641260427CA6D2B0041EC89 /* Build configuration list for PBXNativeTarget "SwiftStudyWiKi" */;
			buildPhases = (
				764125EC27CA6D2A0041EC89 /* Sources */,
				764125ED27CA6D2A0041EC89 /* Frameworks */,
				764125EE27CA6D2A0041EC89 /* Resources */,
			);
			buildRules = (
			);
			dependencies = (
			);
			name = SwiftStudyWiKi;
			packageProductDependencies = (
				760DE8852822C02900F8683E /* RxCocoa */,
				760DE8872822C02900F8683E /* RxRelay */,
				760DE8892822C02900F8683E /* RxSwift */,
				760DE88E2822C06A00F8683E /* SnapKit */,
				7643FBA52822C0AF002D9894 /* Then */,
				7643FBA82822C0F6002D9894 /* Alamofire */,
				7643FBAB2822C131002D9894 /* Charts */,
				76D675F42825733F00A6EE21 /* FirebaseAuth */,
				76EE132E2826BCD1000C4E59 /* GoogleSignIn */,
				76BF12B32875DAB2001740D8 /* Kingfisher */,
			);
			productName = SwiftStudyWiKi;
			productReference = 764125F027CA6D2A0041EC89 /* SwiftStudyWiKi.app */;
			productType = "com.apple.product-type.application";
		};
		76BF12992875D8B2001740D8 /* BookReviewTests */ = {
			isa = PBXNativeTarget;
			buildConfigurationList = 76BF12A02875D8B2001740D8 /* Build configuration list for PBXNativeTarget "BookReviewTests" */;
			buildPhases = (
				76BF12962875D8B2001740D8 /* Sources */,
				76BF12972875D8B2001740D8 /* Frameworks */,
				76BF12982875D8B2001740D8 /* Resources */,
			);
			buildRules = (
			);
			dependencies = (
				76BF129F2875D8B2001740D8 /* PBXTargetDependency */,
			);
			name = BookReviewTests;
			productName = BookReviewTests;
			productReference = 76BF129A2875D8B2001740D8 /* BookReviewTests.xctest */;
			productType = "com.apple.product-type.bundle.unit-test";
		};
		76BF12A62875D8CE001740D8 /* BookReviewUITests */ = {
			isa = PBXNativeTarget;
			buildConfigurationList = 76BF12AF2875D8CE001740D8 /* Build configuration list for PBXNativeTarget "BookReviewUITests" */;
			buildPhases = (
				76BF12A32875D8CE001740D8 /* Sources */,
				76BF12A42875D8CE001740D8 /* Frameworks */,
				76BF12A52875D8CE001740D8 /* Resources */,
			);
			buildRules = (
			);
			dependencies = (
				76BF12AE2875D8CE001740D8 /* PBXTargetDependency */,
			);
			name = BookReviewUITests;
			productName = BookReviewUITests;
			productReference = 76BF12A72875D8CE001740D8 /* BookReviewUITests.xctest */;
			productType = "com.apple.product-type.bundle.ui-testing";
		};
/* End PBXNativeTarget section */

/* Begin PBXProject section */
		764125E827CA6D2A0041EC89 /* Project object */ = {
			isa = PBXProject;
			attributes = {
				BuildIndependentTargetsInParallel = 1;
				LastSwiftUpdateCheck = 1340;
				LastUpgradeCheck = 1320;
				TargetAttributes = {
					764125EF27CA6D2A0041EC89 = {
						CreatedOnToolsVersion = 13.2.1;
					};
					76BF12992875D8B2001740D8 = {
						CreatedOnToolsVersion = 13.4.1;
						TestTargetID = 764125EF27CA6D2A0041EC89;
					};
					76BF12A62875D8CE001740D8 = {
						CreatedOnToolsVersion = 13.4.1;
						TestTargetID = 764125EF27CA6D2A0041EC89;
					};
				};
			};
			buildConfigurationList = 764125EB27CA6D2A0041EC89 /* Build configuration list for PBXProject "SwiftStudyWiKi" */;
			compatibilityVersion = "Xcode 13.0";
			developmentRegion = en;
			hasScannedForEncodings = 0;
			knownRegions = (
				en,
				Base,
				ko,
			);
			mainGroup = 764125E727CA6D2A0041EC89;
			packageReferences = (
				760DE8842822C02900F8683E /* XCRemoteSwiftPackageReference "RxSwift" */,
				760DE88D2822C06A00F8683E /* XCRemoteSwiftPackageReference "SnapKit" */,
				7643FBA42822C0AF002D9894 /* XCRemoteSwiftPackageReference "Then" */,
				7643FBA72822C0F6002D9894 /* XCRemoteSwiftPackageReference "Alamofire" */,
				7643FBAA2822C131002D9894 /* XCRemoteSwiftPackageReference "Charts" */,
				76D675F32825733F00A6EE21 /* XCRemoteSwiftPackageReference "firebase-ios-sdk" */,
				76EE132D2826BCD1000C4E59 /* XCRemoteSwiftPackageReference "GoogleSignIn-iOS" */,
				76BF12B22875DAB2001740D8 /* XCRemoteSwiftPackageReference "Kingfisher" */,
			);
			productRefGroup = 764125F127CA6D2A0041EC89 /* Products */;
			projectDirPath = "";
			projectRoot = "";
			targets = (
				764125EF27CA6D2A0041EC89 /* SwiftStudyWiKi */,
				76BF12992875D8B2001740D8 /* BookReviewTests */,
				76BF12A62875D8CE001740D8 /* BookReviewUITests */,
			);
		};
/* End PBXProject section */

/* Begin PBXResourcesBuildPhase section */
		764125EE27CA6D2A0041EC89 /* Resources */ = {
			isa = PBXResourcesBuildPhase;
			buildActionMask = 2147483647;
			files = (
				7641260027CA6D2B0041EC89 /* LaunchScreen.storyboard in Resources */,
				76BF128E2875CF10001740D8 /* Localizable.strings in Resources */,
				764125FD27CA6D2B0041EC89 /* Assets.xcassets in Resources */,
				76D675F22825728D00A6EE21 /* GoogleService-Info.plist in Resources */,
			);
			runOnlyForDeploymentPostprocessing = 0;
		};
		76BF12982875D8B2001740D8 /* Resources */ = {
			isa = PBXResourcesBuildPhase;
			buildActionMask = 2147483647;
			files = (
			);
			runOnlyForDeploymentPostprocessing = 0;
		};
		76BF12A52875D8CE001740D8 /* Resources */ = {
			isa = PBXResourcesBuildPhase;
			buildActionMask = 2147483647;
			files = (
			);
			runOnlyForDeploymentPostprocessing = 0;
		};
/* End PBXResourcesBuildPhase section */

/* Begin PBXSourcesBuildPhase section */
		764125EC27CA6D2A0041EC89 /* Sources */ = {
			isa = PBXSourcesBuildPhase;
			buildActionMask = 2147483647;
			files = (
				76BF127C28743779001740D8 /* BookmarkListViewController.swift in Sources */,
				764125F827CA6D2A0041EC89 /* MainViewController.swift in Sources */,
				760DE87528217EA100F8683E /* CovidDetailViewController.swift in Sources */,
				76A58783282160B300D8D3DB /* WeatherViewController.swift in Sources */,
				760524822815B43900C3C243 /* DiaryViewController.swift in Sources */,
				760DE8772821870300F8683E /* CovidDetailTableCell.swift in Sources */,
				76BF126D2874164E001740D8 /* TranslateViewController.swift in Sources */,
				76D675F028255E4E00A6EE21 /* SpotifyMainViewController.swift in Sources */,
				76D8DB7027CE1C38004F90E0 /* PrefetchViewController.swift in Sources */,
				76A4D04B2857858F00DCC34C /* AlamofireViewController.swift in Sources */,
				763AF27127CBABF3004040E2 /* SubjectTableCell.swift in Sources */,
				763AF26F27CA6F81004040E2 /* MyNavigationController.swift in Sources */,
				760524862815B7DD00C3C243 /* DiaryFavoItemViewController.swift in Sources */,
				76A90FDF2803110C007A3C81 /* LEDViewController.swift in Sources */,
				76D675EC28255E2E00A6EE21 /* SpotifyLoginViewController.swift in Sources */,
				76BF12B62875DBB4001740D8 /* ReviewListViewController.swift in Sources */,
				7631813728280E6F00BA27BE /* DrinkAddAlarmViewController.swift in Sources */,
				76BF127728743233001740D8 /* Bookmark.swift in Sources */,
				76A90FE1280316B0007A3C81 /* SettingViewController.swift in Sources */,
				763181312828039700BA27BE /* DrinkAlarmListViewController.swift in Sources */,
				76A5878A2821767500D8D3DB /* CovidViewController.swift in Sources */,
				76BF12792874349F001740D8 /* UserDefaults+.swift in Sources */,
				76D675EE28255E4100A6EE21 /* SpotifyEnterEmailViewController.swift in Sources */,
				76BF127E28743AB7001740D8 /* BookmarkCollectionViewCell.swift in Sources */,
				76BF128928748CC1001740D8 /* TranslatorManager.swift in Sources */,
				76BF12B82875DBD1001740D8 /* ReviewListPresenter.swift in Sources */,
				76BF126A28741543001740D8 /* TabBarController.swift in Sources */,
				764125F427CA6D2A0041EC89 /* AppDelegate.swift in Sources */,
				76BF127428742ECF001740D8 /* Language.swift in Sources */,
				760C973A27F9B4370051F8BF /* Model.swift in Sources */,
				7631813528280CA300BA27BE /* Alert.swift in Sources */,
				764125F627CA6D2A0041EC89 /* SceneDelegate.swift in Sources */,
				76BF1271287423C2001740D8 /* SourceTextViewController.swift in Sources */,
				760C973627F9A4A50051F8BF /* ViewModel.swift in Sources */,
				76DF614A27FB46D900E4F436 /* Quotes.swift in Sources */,
				76F62E3E2868BC6C00028E5C /* ContentView.swift in Sources */,
				76BF128028743D19001740D8 /* BookmarkTextStackView.swift in Sources */,
				76A5878528216F8200D8D3DB /* WeatherInformation.swift in Sources */,
				76BF128228743E7E001740D8 /* Type.swift in Sources */,
				76D675E72822CD9000A6EE21 /* CovidOverView.swift in Sources */,
				7631813328280B2600BA27BE /* DrinkAlarmTableViewCell.swift in Sources */,
				76D8DB7327CE1D81004F90E0 /* SubjectData.swift in Sources */,
				76BF128728748BFE001740D8 /* TranslateResponseModel.swift in Sources */,
				76DF614827FB42A800E4F436 /* QuotesGeneratorViewController.swift in Sources */,
				76BF126F28741B93001740D8 /* UIColor+.swift in Sources */,
				760C973827F9A6850051F8BF /* PrefetchTableCellTableViewCell.swift in Sources */,
				76A587872821743C00D8D3DB /* ErrorMsg.swift in Sources */,
				76BF128528748BB9001740D8 /* TraslateRequestModel.swift in Sources */,
				76F62E3C2866BDD000028E5C /* TestVC.swift in Sources */,
				760524842815B70C00C3C243 /* DiaryTabBarController.swift in Sources */,
			);
			runOnlyForDeploymentPostprocessing = 0;
		};
		76BF12962875D8B2001740D8 /* Sources */ = {
			isa = PBXSourcesBuildPhase;
			buildActionMask = 2147483647;
			files = (
				76BF129D2875D8B2001740D8 /* BookReviewTests.swift in Sources */,
			);
			runOnlyForDeploymentPostprocessing = 0;
		};
		76BF12A32875D8CE001740D8 /* Sources */ = {
			isa = PBXSourcesBuildPhase;
			buildActionMask = 2147483647;
			files = (
				76BF12AA2875D8CE001740D8 /* BookReviewUITests.swift in Sources */,
				76BF12AC2875D8CE001740D8 /* BookReviewUITestsLaunchTests.swift in Sources */,
			);
			runOnlyForDeploymentPostprocessing = 0;
		};
/* End PBXSourcesBuildPhase section */

/* Begin PBXTargetDependency section */
		76BF129F2875D8B2001740D8 /* PBXTargetDependency */ = {
			isa = PBXTargetDependency;
			target = 764125EF27CA6D2A0041EC89 /* SwiftStudyWiKi */;
			targetProxy = 76BF129E2875D8B2001740D8 /* PBXContainerItemProxy */;
		};
		76BF12AE2875D8CE001740D8 /* PBXTargetDependency */ = {
			isa = PBXTargetDependency;
			target = 764125EF27CA6D2A0041EC89 /* SwiftStudyWiKi */;
			targetProxy = 76BF12AD2875D8CE001740D8 /* PBXContainerItemProxy */;
		};
/* End PBXTargetDependency section */

/* Begin PBXVariantGroup section */
		764125FE27CA6D2B0041EC89 /* LaunchScreen.storyboard */ = {
			isa = PBXVariantGroup;
			children = (
				764125FF27CA6D2B0041EC89 /* Base */,
				76BF12912875CF49001740D8 /* ko */,
			);
			name = LaunchScreen.storyboard;
			sourceTree = "<group>";
		};
		76BF12902875CF10001740D8 /* Localizable.strings */ = {
			isa = PBXVariantGroup;
			children = (
				76BF128F2875CF10001740D8 /* en */,
				76BF12922875CF77001740D8 /* ko */,
			);
			name = Localizable.strings;
			sourceTree = "<group>";
		};
/* End PBXVariantGroup section */

/* Begin XCBuildConfiguration section */
		7641260227CA6D2B0041EC89 /* Debug */ = {
			isa = XCBuildConfiguration;
			buildSettings = {
				ALWAYS_SEARCH_USER_PATHS = NO;
				CLANG_ANALYZER_LOCALIZABILITY_NONLOCALIZED = YES;
				CLANG_ANALYZER_NONNULL = YES;
				CLANG_ANALYZER_NUMBER_OBJECT_CONVERSION = YES_AGGRESSIVE;
				CLANG_CXX_LANGUAGE_STANDARD = "gnu++17";
				CLANG_CXX_LIBRARY = "libc++";
				CLANG_ENABLE_MODULES = YES;
				CLANG_ENABLE_OBJC_ARC = YES;
				CLANG_ENABLE_OBJC_WEAK = YES;
				CLANG_WARN_BLOCK_CAPTURE_AUTORELEASING = YES;
				CLANG_WARN_BOOL_CONVERSION = YES;
				CLANG_WARN_COMMA = YES;
				CLANG_WARN_CONSTANT_CONVERSION = YES;
				CLANG_WARN_DEPRECATED_OBJC_IMPLEMENTATIONS = YES;
				CLANG_WARN_DIRECT_OBJC_ISA_USAGE = YES_ERROR;
				CLANG_WARN_DOCUMENTATION_COMMENTS = YES;
				CLANG_WARN_EMPTY_BODY = YES;
				CLANG_WARN_ENUM_CONVERSION = YES;
				CLANG_WARN_INFINITE_RECURSION = YES;
				CLANG_WARN_INT_CONVERSION = YES;
				CLANG_WARN_NON_LITERAL_NULL_CONVERSION = YES;
				CLANG_WARN_OBJC_IMPLICIT_RETAIN_SELF = YES;
				CLANG_WARN_OBJC_LITERAL_CONVERSION = YES;
				CLANG_WARN_OBJC_ROOT_CLASS = YES_ERROR;
				CLANG_WARN_QUOTED_INCLUDE_IN_FRAMEWORK_HEADER = YES;
				CLANG_WARN_RANGE_LOOP_ANALYSIS = YES;
				CLANG_WARN_STRICT_PROTOTYPES = YES;
				CLANG_WARN_SUSPICIOUS_MOVE = YES;
				CLANG_WARN_UNGUARDED_AVAILABILITY = YES_AGGRESSIVE;
				CLANG_WARN_UNREACHABLE_CODE = YES;
				CLANG_WARN__DUPLICATE_METHOD_MATCH = YES;
				COPY_PHASE_STRIP = NO;
				DEBUG_INFORMATION_FORMAT = dwarf;
				ENABLE_STRICT_OBJC_MSGSEND = YES;
				ENABLE_TESTABILITY = YES;
				ENABLE_TESTING_SEARCH_PATHS = NO;
				GCC_C_LANGUAGE_STANDARD = gnu11;
				GCC_DYNAMIC_NO_PIC = NO;
				GCC_NO_COMMON_BLOCKS = YES;
				GCC_OPTIMIZATION_LEVEL = 0;
				GCC_PREPROCESSOR_DEFINITIONS = (
					"DEBUG=1",
					"$(inherited)",
				);
				GCC_WARN_64_TO_32_BIT_CONVERSION = YES;
				GCC_WARN_ABOUT_RETURN_TYPE = YES_ERROR;
				GCC_WARN_UNDECLARED_SELECTOR = YES;
				GCC_WARN_UNINITIALIZED_AUTOS = YES_AGGRESSIVE;
				GCC_WARN_UNUSED_FUNCTION = YES;
				GCC_WARN_UNUSED_VARIABLE = YES;
				IPHONEOS_DEPLOYMENT_TARGET = 15.2;
				MTL_ENABLE_DEBUG_INFO = INCLUDE_SOURCE;
				MTL_FAST_MATH = YES;
				ONLY_ACTIVE_ARCH = YES;
				SDKROOT = iphoneos;
				SWIFT_ACTIVE_COMPILATION_CONDITIONS = DEBUG;
				SWIFT_OPTIMIZATION_LEVEL = "-Onone";
			};
			name = Debug;
		};
		7641260327CA6D2B0041EC89 /* Release */ = {
			isa = XCBuildConfiguration;
			buildSettings = {
				ALWAYS_SEARCH_USER_PATHS = NO;
				CLANG_ANALYZER_LOCALIZABILITY_NONLOCALIZED = YES;
				CLANG_ANALYZER_NONNULL = YES;
				CLANG_ANALYZER_NUMBER_OBJECT_CONVERSION = YES_AGGRESSIVE;
				CLANG_CXX_LANGUAGE_STANDARD = "gnu++17";
				CLANG_CXX_LIBRARY = "libc++";
				CLANG_ENABLE_MODULES = YES;
				CLANG_ENABLE_OBJC_ARC = YES;
				CLANG_ENABLE_OBJC_WEAK = YES;
				CLANG_WARN_BLOCK_CAPTURE_AUTORELEASING = YES;
				CLANG_WARN_BOOL_CONVERSION = YES;
				CLANG_WARN_COMMA = YES;
				CLANG_WARN_CONSTANT_CONVERSION = YES;
				CLANG_WARN_DEPRECATED_OBJC_IMPLEMENTATIONS = YES;
				CLANG_WARN_DIRECT_OBJC_ISA_USAGE = YES_ERROR;
				CLANG_WARN_DOCUMENTATION_COMMENTS = YES;
				CLANG_WARN_EMPTY_BODY = YES;
				CLANG_WARN_ENUM_CONVERSION = YES;
				CLANG_WARN_INFINITE_RECURSION = YES;
				CLANG_WARN_INT_CONVERSION = YES;
				CLANG_WARN_NON_LITERAL_NULL_CONVERSION = YES;
				CLANG_WARN_OBJC_IMPLICIT_RETAIN_SELF = YES;
				CLANG_WARN_OBJC_LITERAL_CONVERSION = YES;
				CLANG_WARN_OBJC_ROOT_CLASS = YES_ERROR;
				CLANG_WARN_QUOTED_INCLUDE_IN_FRAMEWORK_HEADER = YES;
				CLANG_WARN_RANGE_LOOP_ANALYSIS = YES;
				CLANG_WARN_STRICT_PROTOTYPES = YES;
				CLANG_WARN_SUSPICIOUS_MOVE = YES;
				CLANG_WARN_UNGUARDED_AVAILABILITY = YES_AGGRESSIVE;
				CLANG_WARN_UNREACHABLE_CODE = YES;
				CLANG_WARN__DUPLICATE_METHOD_MATCH = YES;
				COPY_PHASE_STRIP = NO;
				DEBUG_INFORMATION_FORMAT = "dwarf-with-dsym";
				ENABLE_NS_ASSERTIONS = NO;
				ENABLE_STRICT_OBJC_MSGSEND = YES;
				ENABLE_TESTING_SEARCH_PATHS = NO;
				GCC_C_LANGUAGE_STANDARD = gnu11;
				GCC_NO_COMMON_BLOCKS = YES;
				GCC_WARN_64_TO_32_BIT_CONVERSION = YES;
				GCC_WARN_ABOUT_RETURN_TYPE = YES_ERROR;
				GCC_WARN_UNDECLARED_SELECTOR = YES;
				GCC_WARN_UNINITIALIZED_AUTOS = YES_AGGRESSIVE;
				GCC_WARN_UNUSED_FUNCTION = YES;
				GCC_WARN_UNUSED_VARIABLE = YES;
				IPHONEOS_DEPLOYMENT_TARGET = 15.2;
				MTL_ENABLE_DEBUG_INFO = NO;
				MTL_FAST_MATH = YES;
				SDKROOT = iphoneos;
				SWIFT_COMPILATION_MODE = wholemodule;
				SWIFT_OPTIMIZATION_LEVEL = "-O";
				VALIDATE_PRODUCT = YES;
			};
			name = Release;
		};
		7641260527CA6D2B0041EC89 /* Debug */ = {
			isa = XCBuildConfiguration;
			buildSettings = {
				ASSETCATALOG_COMPILER_APPICON_NAME = AppIcon;
				ASSETCATALOG_COMPILER_GLOBAL_ACCENT_COLOR_NAME = AccentColor;
				CODE_SIGN_ENTITLEMENTS = SwiftStudyWiKi/SwiftStudyWiKi.entitlements;
				CODE_SIGN_STYLE = Automatic;
				CURRENT_PROJECT_VERSION = 1;
				DEVELOPMENT_TEAM = P9MW78T4QB;
				GENERATE_INFOPLIST_FILE = YES;
				INFOPLIST_FILE = SwiftStudyWiKi/Info.plist;
				INFOPLIST_KEY_UIApplicationSupportsIndirectInputEvents = YES;
				INFOPLIST_KEY_UILaunchStoryboardName = LaunchScreen;
				INFOPLIST_KEY_UISupportedInterfaceOrientations_iPad = "UIInterfaceOrientationPortrait UIInterfaceOrientationPortraitUpsideDown UIInterfaceOrientationLandscapeLeft UIInterfaceOrientationLandscapeRight";
				INFOPLIST_KEY_UISupportedInterfaceOrientations_iPhone = "UIInterfaceOrientationPortrait UIInterfaceOrientationLandscapeLeft UIInterfaceOrientationLandscapeRight";
				IPHONEOS_DEPLOYMENT_TARGET = 14.0;
				LD_RUNPATH_SEARCH_PATHS = (
					"$(inherited)",
					"@executable_path/Frameworks",
				);
				MARKETING_VERSION = 1.0;
				PRODUCT_BUNDLE_IDENTIFIER = com.chagmn.SwiftStudyWiKi;
				PRODUCT_NAME = "$(TARGET_NAME)";
				SWIFT_EMIT_LOC_STRINGS = YES;
				SWIFT_VERSION = 5.0;
				TARGETED_DEVICE_FAMILY = "1,2";
			};
			name = Debug;
		};
		7641260627CA6D2B0041EC89 /* Release */ = {
			isa = XCBuildConfiguration;
			buildSettings = {
				ASSETCATALOG_COMPILER_APPICON_NAME = AppIcon;
				ASSETCATALOG_COMPILER_GLOBAL_ACCENT_COLOR_NAME = AccentColor;
				CODE_SIGN_ENTITLEMENTS = SwiftStudyWiKi/SwiftStudyWiKi.entitlements;
				CODE_SIGN_STYLE = Automatic;
				CURRENT_PROJECT_VERSION = 1;
				DEVELOPMENT_TEAM = P9MW78T4QB;
				GENERATE_INFOPLIST_FILE = YES;
				INFOPLIST_FILE = SwiftStudyWiKi/Info.plist;
				INFOPLIST_KEY_UIApplicationSupportsIndirectInputEvents = YES;
				INFOPLIST_KEY_UILaunchStoryboardName = LaunchScreen;
				INFOPLIST_KEY_UISupportedInterfaceOrientations_iPad = "UIInterfaceOrientationPortrait UIInterfaceOrientationPortraitUpsideDown UIInterfaceOrientationLandscapeLeft UIInterfaceOrientationLandscapeRight";
				INFOPLIST_KEY_UISupportedInterfaceOrientations_iPhone = "UIInterfaceOrientationPortrait UIInterfaceOrientationLandscapeLeft UIInterfaceOrientationLandscapeRight";
				IPHONEOS_DEPLOYMENT_TARGET = 14.0;
				LD_RUNPATH_SEARCH_PATHS = (
					"$(inherited)",
					"@executable_path/Frameworks",
				);
				MARKETING_VERSION = 1.0;
				PRODUCT_BUNDLE_IDENTIFIER = com.chagmn.SwiftStudyWiKi;
				PRODUCT_NAME = "$(TARGET_NAME)";
				SWIFT_EMIT_LOC_STRINGS = YES;
				SWIFT_VERSION = 5.0;
				TARGETED_DEVICE_FAMILY = "1,2";
			};
			name = Release;
		};
		76BF12A12875D8B2001740D8 /* Debug */ = {
			isa = XCBuildConfiguration;
			buildSettings = {
				BUNDLE_LOADER = "$(TEST_HOST)";
				CODE_SIGN_STYLE = Automatic;
				CURRENT_PROJECT_VERSION = 1;
				DEVELOPMENT_TEAM = P9MW78T4QB;
				GENERATE_INFOPLIST_FILE = YES;
				IPHONEOS_DEPLOYMENT_TARGET = 15.5;
				MARKETING_VERSION = 1.0;
				PRODUCT_BUNDLE_IDENTIFIER = com.chagmn.BookReviewTests;
				PRODUCT_NAME = "$(TARGET_NAME)";
				SWIFT_EMIT_LOC_STRINGS = NO;
				SWIFT_VERSION = 5.0;
				TARGETED_DEVICE_FAMILY = "1,2";
				TEST_HOST = "$(BUILT_PRODUCTS_DIR)/SwiftStudyWiKi.app/SwiftStudyWiKi";
			};
			name = Debug;
		};
		76BF12A22875D8B2001740D8 /* Release */ = {
			isa = XCBuildConfiguration;
			buildSettings = {
				BUNDLE_LOADER = "$(TEST_HOST)";
				CODE_SIGN_STYLE = Automatic;
				CURRENT_PROJECT_VERSION = 1;
				DEVELOPMENT_TEAM = P9MW78T4QB;
				GENERATE_INFOPLIST_FILE = YES;
				IPHONEOS_DEPLOYMENT_TARGET = 15.5;
				MARKETING_VERSION = 1.0;
				PRODUCT_BUNDLE_IDENTIFIER = com.chagmn.BookReviewTests;
				PRODUCT_NAME = "$(TARGET_NAME)";
				SWIFT_EMIT_LOC_STRINGS = NO;
				SWIFT_VERSION = 5.0;
				TARGETED_DEVICE_FAMILY = "1,2";
				TEST_HOST = "$(BUILT_PRODUCTS_DIR)/SwiftStudyWiKi.app/SwiftStudyWiKi";
			};
			name = Release;
		};
		76BF12B02875D8CE001740D8 /* Debug */ = {
			isa = XCBuildConfiguration;
			buildSettings = {
				CODE_SIGN_STYLE = Automatic;
				CURRENT_PROJECT_VERSION = 1;
				DEVELOPMENT_TEAM = P9MW78T4QB;
				GENERATE_INFOPLIST_FILE = YES;
				IPHONEOS_DEPLOYMENT_TARGET = 15.5;
				MARKETING_VERSION = 1.0;
				PRODUCT_BUNDLE_IDENTIFIER = com.chagmn.BookReviewUITests;
				PRODUCT_NAME = "$(TARGET_NAME)";
				SWIFT_EMIT_LOC_STRINGS = NO;
				SWIFT_VERSION = 5.0;
				TARGETED_DEVICE_FAMILY = "1,2";
				TEST_TARGET_NAME = SwiftStudyWiKi;
			};
			name = Debug;
		};
		76BF12B12875D8CE001740D8 /* Release */ = {
			isa = XCBuildConfiguration;
			buildSettings = {
				CODE_SIGN_STYLE = Automatic;
				CURRENT_PROJECT_VERSION = 1;
				DEVELOPMENT_TEAM = P9MW78T4QB;
				GENERATE_INFOPLIST_FILE = YES;
				IPHONEOS_DEPLOYMENT_TARGET = 15.5;
				MARKETING_VERSION = 1.0;
				PRODUCT_BUNDLE_IDENTIFIER = com.chagmn.BookReviewUITests;
				PRODUCT_NAME = "$(TARGET_NAME)";
				SWIFT_EMIT_LOC_STRINGS = NO;
				SWIFT_VERSION = 5.0;
				TARGETED_DEVICE_FAMILY = "1,2";
				TEST_TARGET_NAME = SwiftStudyWiKi;
			};
			name = Release;
		};
/* End XCBuildConfiguration section */

/* Begin XCConfigurationList section */
		764125EB27CA6D2A0041EC89 /* Build configuration list for PBXProject "SwiftStudyWiKi" */ = {
			isa = XCConfigurationList;
			buildConfigurations = (
				7641260227CA6D2B0041EC89 /* Debug */,
				7641260327CA6D2B0041EC89 /* Release */,
			);
			defaultConfigurationIsVisible = 0;
			defaultConfigurationName = Release;
		};
		7641260427CA6D2B0041EC89 /* Build configuration list for PBXNativeTarget "SwiftStudyWiKi" */ = {
			isa = XCConfigurationList;
			buildConfigurations = (
				7641260527CA6D2B0041EC89 /* Debug */,
				7641260627CA6D2B0041EC89 /* Release */,
			);
			defaultConfigurationIsVisible = 0;
			defaultConfigurationName = Release;
		};
		76BF12A02875D8B2001740D8 /* Build configuration list for PBXNativeTarget "BookReviewTests" */ = {
			isa = XCConfigurationList;
			buildConfigurations = (
				76BF12A12875D8B2001740D8 /* Debug */,
				76BF12A22875D8B2001740D8 /* Release */,
			);
			defaultConfigurationIsVisible = 0;
			defaultConfigurationName = Release;
		};
		76BF12AF2875D8CE001740D8 /* Build configuration list for PBXNativeTarget "BookReviewUITests" */ = {
			isa = XCConfigurationList;
			buildConfigurations = (
				76BF12B02875D8CE001740D8 /* Debug */,
				76BF12B12875D8CE001740D8 /* Release */,
			);
			defaultConfigurationIsVisible = 0;
			defaultConfigurationName = Release;
		};
/* End XCConfigurationList section */

/* Begin XCRemoteSwiftPackageReference section */
		760DE8842822C02900F8683E /* XCRemoteSwiftPackageReference "RxSwift" */ = {
			isa = XCRemoteSwiftPackageReference;
			repositoryURL = "https://github.com/ReactiveX/RxSwift";
			requirement = {
				kind = upToNextMajorVersion;
				minimumVersion = 6.0.0;
			};
		};
		760DE88D2822C06A00F8683E /* XCRemoteSwiftPackageReference "SnapKit" */ = {
			isa = XCRemoteSwiftPackageReference;
			repositoryURL = "https://github.com/SnapKit/SnapKit";
			requirement = {
				kind = upToNextMajorVersion;
				minimumVersion = 5.0.0;
			};
		};
		7643FBA42822C0AF002D9894 /* XCRemoteSwiftPackageReference "Then" */ = {
			isa = XCRemoteSwiftPackageReference;
			repositoryURL = "https://github.com/devxoul/Then";
			requirement = {
				kind = upToNextMajorVersion;
				minimumVersion = 3.0.0;
			};
		};
		7643FBA72822C0F6002D9894 /* XCRemoteSwiftPackageReference "Alamofire" */ = {
			isa = XCRemoteSwiftPackageReference;
			repositoryURL = "https://github.com/Alamofire/Alamofire";
			requirement = {
				kind = upToNextMajorVersion;
				minimumVersion = 5.0.0;
			};
		};
		7643FBAA2822C131002D9894 /* XCRemoteSwiftPackageReference "Charts" */ = {
			isa = XCRemoteSwiftPackageReference;
			repositoryURL = "https://github.com/danielgindi/Charts";
			requirement = {
				kind = upToNextMajorVersion;
				minimumVersion = 3.0.0;
			};
		};
		76BF12B22875DAB2001740D8 /* XCRemoteSwiftPackageReference "Kingfisher" */ = {
			isa = XCRemoteSwiftPackageReference;
			repositoryURL = "https://github.com/onevcat/Kingfisher.git";
			requirement = {
				kind = upToNextMajorVersion;
				minimumVersion = 7.0.0;
			};
		};
		76D675F32825733F00A6EE21 /* XCRemoteSwiftPackageReference "firebase-ios-sdk" */ = {
			isa = XCRemoteSwiftPackageReference;
			repositoryURL = "https://github.com/firebase/firebase-ios-sdk";
			requirement = {
				kind = upToNextMajorVersion;
				minimumVersion = 9.0.0;
			};
		};
		76EE132D2826BCD1000C4E59 /* XCRemoteSwiftPackageReference "GoogleSignIn-iOS" */ = {
			isa = XCRemoteSwiftPackageReference;
			repositoryURL = "https://github.com/google/GoogleSignIn-iOS";
			requirement = {
				kind = upToNextMajorVersion;
				minimumVersion = 6.0.0;
			};
		};
/* End XCRemoteSwiftPackageReference section */

/* Begin XCSwiftPackageProductDependency section */
		760DE8852822C02900F8683E /* RxCocoa */ = {
			isa = XCSwiftPackageProductDependency;
			package = 760DE8842822C02900F8683E /* XCRemoteSwiftPackageReference "RxSwift" */;
			productName = RxCocoa;
		};
		760DE8872822C02900F8683E /* RxRelay */ = {
			isa = XCSwiftPackageProductDependency;
			package = 760DE8842822C02900F8683E /* XCRemoteSwiftPackageReference "RxSwift" */;
			productName = RxRelay;
		};
		760DE8892822C02900F8683E /* RxSwift */ = {
			isa = XCSwiftPackageProductDependency;
			package = 760DE8842822C02900F8683E /* XCRemoteSwiftPackageReference "RxSwift" */;
			productName = RxSwift;
		};
		760DE88E2822C06A00F8683E /* SnapKit */ = {
			isa = XCSwiftPackageProductDependency;
			package = 760DE88D2822C06A00F8683E /* XCRemoteSwiftPackageReference "SnapKit" */;
			productName = SnapKit;
		};
		7643FBA52822C0AF002D9894 /* Then */ = {
			isa = XCSwiftPackageProductDependency;
			package = 7643FBA42822C0AF002D9894 /* XCRemoteSwiftPackageReference "Then" */;
			productName = Then;
		};
		7643FBA82822C0F6002D9894 /* Alamofire */ = {
			isa = XCSwiftPackageProductDependency;
			package = 7643FBA72822C0F6002D9894 /* XCRemoteSwiftPackageReference "Alamofire" */;
			productName = Alamofire;
		};
		7643FBAB2822C131002D9894 /* Charts */ = {
			isa = XCSwiftPackageProductDependency;
			package = 7643FBAA2822C131002D9894 /* XCRemoteSwiftPackageReference "Charts" */;
			productName = Charts;
		};
		76BF12B32875DAB2001740D8 /* Kingfisher */ = {
			isa = XCSwiftPackageProductDependency;
			package = 76BF12B22875DAB2001740D8 /* XCRemoteSwiftPackageReference "Kingfisher" */;
			productName = Kingfisher;
		};
		76D675F42825733F00A6EE21 /* FirebaseAuth */ = {
			isa = XCSwiftPackageProductDependency;
			package = 76D675F32825733F00A6EE21 /* XCRemoteSwiftPackageReference "firebase-ios-sdk" */;
			productName = FirebaseAuth;
		};
		76EE132E2826BCD1000C4E59 /* GoogleSignIn */ = {
			isa = XCSwiftPackageProductDependency;
			package = 76EE132D2826BCD1000C4E59 /* XCRemoteSwiftPackageReference "GoogleSignIn-iOS" */;
			productName = GoogleSignIn;
		};
/* End XCSwiftPackageProductDependency section */
	};
	rootObject = 764125E827CA6D2A0041EC89 /* Project object */;
}
